
Microsoft Visual Studio Solution File, Format Version 12.00
# Visual Studio Version 16
VisualStudioVersion = 16.0.34114.132
MinimumVisualStudioVersion = 10.0.40219.1
Project("{FAE04EC0-301F-11D3-BF4B-00C04F79EFBC}") = "MapaSala", "MapaSala\MapaSala.csproj", "{81182F5E-AFD0-4C88-9F46-FE060F7C69E3}"
EndProject
Project("{FAE04EC0-301F-11D3-BF4B-00C04F79EFBC}") = "Model", "Model\Model.csproj", "{0BF79062-B7D1-4989-83C3-355222BA90E1}"
EndProject
Global
	GlobalSection(SolutionConfigurationPlatforms) = preSolution
		Debug|Any CPU = Debug|Any CPU
		Release|Any CPU = Release|Any CPU
	EndGlobalSection
	GlobalSection(ProjectConfigurationPlatforms) = postSolution
		{81182F5E-AFD0-4C88-9F46-FE060F7C69E3}.Debug|Any CPU.ActiveCfg = Debug|Any CPU
		{81182F5E-AFD0-4C88-9F46-FE060F7C69E3}.Debug|Any CPU.Build.0 = Debug|Any CPU
		{81182F5E-AFD0-4C88-9F46-FE060F7C69E3}.Release|Any CPU.ActiveCfg = Release|Any CPU
		{81182F5E-AFD0-4C88-9F46-FE060F7C69E3}.Release|Any CPU.Build.0 = Release|Any CPU
		{0BF79062-B7D1-4989-83C3-355222BA90E1}.Debug|Any CPU.ActiveCfg = Debug|Any CPU
		{0BF79062-B7D1-4989-83C3-355222BA90E1}.Debug|Any CPU.Build.0 = Debug|Any CPU
		{0BF79062-B7D1-4989-83C3-355222BA90E1}.Release|Any CPU.ActiveCfg = Release|Any CPU
		{0BF79062-B7D1-4989-83C3-355222BA90E1}.Release|Any CPU.Build.0 = Release|Any CPU
	EndGlobalSection
	GlobalSection(SolutionProperties) = preSolution
		HideSolutionNode = FALSE
	EndGlobalSection
	GlobalSection(ExtensibilityGlobals) = postSolution
		SolutionGuid = {A1472470-7A42-473C-A089-8D9351157C01}
	EndGlobalSection
EndGlobal
